// !$*UTF8*$!
{
	archiveVersion = 1;
	classes = {
	};
	objectVersion = 46;
	objects = {

/* Begin PBXBuildFile section */
		F921A3691BD9583700902B0F /* PhotoDataSource.swift in Sources */ = {isa = PBXBuildFile; fileRef = F921A3681BD9583700902B0F /* PhotoDataSource.swift */; settings = {ASSET_TAGS = (); }; };
		F921A36B1BD95D4300902B0F /* PhotoCollectionViewCell.swift in Sources */ = {isa = PBXBuildFile; fileRef = F921A36A1BD95D4300902B0F /* PhotoCollectionViewCell.swift */; settings = {ASSET_TAGS = (); }; };
		F921A36D1BD9662400902B0F /* PhotoInfoViewController.swift in Sources */ = {isa = PBXBuildFile; fileRef = F921A36C1BD9662400902B0F /* PhotoInfoViewController.swift */; settings = {ASSET_TAGS = (); }; };
		F974EC5D1BD924760056FC1E /* AppDelegate.swift in Sources */ = {isa = PBXBuildFile; fileRef = F974EC5C1BD924760056FC1E /* AppDelegate.swift */; };
		F974EC621BD924760056FC1E /* Main.storyboard in Resources */ = {isa = PBXBuildFile; fileRef = F974EC601BD924760056FC1E /* Main.storyboard */; };
		F974EC641BD924760056FC1E /* Assets.xcassets in Resources */ = {isa = PBXBuildFile; fileRef = F974EC631BD924760056FC1E /* Assets.xcassets */; };
		F974EC671BD924760056FC1E /* LaunchScreen.storyboard in Resources */ = {isa = PBXBuildFile; fileRef = F974EC651BD924760056FC1E /* LaunchScreen.storyboard */; };
		F974EC6F1BD924870056FC1E /* PhotosViewController.swift in Sources */ = {isa = PBXBuildFile; fileRef = F974EC6E1BD924870056FC1E /* PhotosViewController.swift */; settings = {ASSET_TAGS = (); }; };
		F974EC711BD926100056FC1E /* FlickrAPI.swift in Sources */ = {isa = PBXBuildFile; fileRef = F974EC701BD926100056FC1E /* FlickrAPI.swift */; settings = {ASSET_TAGS = (); }; };
		F974EC731BD929650056FC1E /* PhotoStore.swift in Sources */ = {isa = PBXBuildFile; fileRef = F974EC721BD929650056FC1E /* PhotoStore.swift */; settings = {ASSET_TAGS = (); }; };
		F974EC751BD92C8E0056FC1E /* Photo.swift in Sources */ = {isa = PBXBuildFile; fileRef = F974EC741BD92C8E0056FC1E /* Photo.swift */; settings = {ASSET_TAGS = (); }; };
/* End PBXBuildFile section */

/* Begin PBXFileReference section */
		F921A3681BD9583700902B0F /* PhotoDataSource.swift */ = {isa = PBXFileReference; fileEncoding = 4; lastKnownFileType = sourcecode.swift; path = PhotoDataSource.swift; sourceTree = "<group>"; };
		F921A36A1BD95D4300902B0F /* PhotoCollectionViewCell.swift */ = {isa = PBXFileReference; fileEncoding = 4; lastKnownFileType = sourcecode.swift; path = PhotoCollectionViewCell.swift; sourceTree = "<group>"; };
		F921A36C1BD9662400902B0F /* PhotoInfoViewController.swift */ = {isa = PBXFileReference; fileEncoding = 4; lastKnownFileType = sourcecode.swift; path = PhotoInfoViewController.swift; sourceTree = "<group>"; };
		F974EC591BD924760056FC1E /* Photorama.app */ = {isa = PBXFileReference; explicitFileType = wrapper.application; includeInIndex = 0; path = Photorama.app; sourceTree = BUILT_PRODUCTS_DIR; };
		F974EC5C1BD924760056FC1E /* AppDelegate.swift */ = {isa = PBXFileReference; lastKnownFileType = sourcecode.swift; path = AppDelegate.swift; sourceTree = "<group>"; };
		F974EC611BD924760056FC1E /* Base */ = {isa = PBXFileReference; lastKnownFileType = file.storyboard; name = Base; path = Base.lproj/Main.storyboard; sourceTree = "<group>"; };
		F974EC631BD924760056FC1E /* Assets.xcassets */ = {isa = PBXFileReference; lastKnownFileType = folder.assetcatalog; path = Assets.xcassets; sourceTree = "<group>"; };
		F974EC661BD924760056FC1E /* Base */ = {isa = PBXFileReference; lastKnownFileType = file.storyboard; name = Base; path = Base.lproj/LaunchScreen.storyboard; sourceTree = "<group>"; };
		F974EC681BD924760056FC1E /* Info.plist */ = {isa = PBXFileReference; lastKnownFileType = text.plist.xml; path = Info.plist; sourceTree = "<group>"; };
		F974EC6E1BD924870056FC1E /* PhotosViewController.swift */ = {isa = PBXFileReference; fileEncoding = 4; lastKnownFileType = sourcecode.swift; path = PhotosViewController.swift; sourceTree = "<group>"; };
		F974EC701BD926100056FC1E /* FlickrAPI.swift */ = {isa = PBXFileReference; fileEncoding = 4; lastKnownFileType = sourcecode.swift; path = FlickrAPI.swift; sourceTree = "<group>"; };
		F974EC721BD929650056FC1E /* PhotoStore.swift */ = {isa = PBXFileReference; fileEncoding = 4; lastKnownFileType = sourcecode.swift; path = PhotoStore.swift; sourceTree = "<group>"; };
		F974EC741BD92C8E0056FC1E /* Photo.swift */ = {isa = PBXFileReference; fileEncoding = 4; lastKnownFileType = sourcecode.swift; path = Photo.swift; sourceTree = "<group>"; };
/* End PBXFileReference section */

/* Begin PBXFrameworksBuildPhase section */
		F974EC561BD924760056FC1E /* Frameworks */ = {
			isa = PBXFrameworksBuildPhase;
			buildActionMask = 2147483647;
			files = (
			);
			runOnlyForDeploymentPostprocessing = 0;
		};
/* End PBXFrameworksBuildPhase section */

/* Begin PBXGroup section */
		F974EC501BD924760056FC1E = {
			isa = PBXGroup;
			children = (
				F974EC5B1BD924760056FC1E /* Photorama */,
				F974EC5A1BD924760056FC1E /* Products */,
			);
			sourceTree = "<group>";
		};
		F974EC5A1BD924760056FC1E /* Products */ = {
			isa = PBXGroup;
			children = (
				F974EC591BD924760056FC1E /* Photorama.app */,
			);
			name = Products;
			sourceTree = "<group>";
		};
		F974EC5B1BD924760056FC1E /* Photorama */ = {
			isa = PBXGroup;
			children = (
				F974EC5C1BD924760056FC1E /* AppDelegate.swift */,
				F974EC6E1BD924870056FC1E /* PhotosViewController.swift */,
				F974EC601BD924760056FC1E /* Main.storyboard */,
				F921A36A1BD95D4300902B0F /* PhotoCollectionViewCell.swift */,
				F921A3681BD9583700902B0F /* PhotoDataSource.swift */,
				F974EC701BD926100056FC1E /* FlickrAPI.swift */,
				F974EC741BD92C8E0056FC1E /* Photo.swift */,
				F921A36C1BD9662400902B0F /* PhotoInfoViewController.swift */,
				F974EC721BD929650056FC1E /* PhotoStore.swift */,
				F974EC631BD924760056FC1E /* Assets.xcassets */,
				F974EC651BD924760056FC1E /* LaunchScreen.storyboard */,
				F974EC681BD924760056FC1E /* Info.plist */,
			);
			path = Photorama;
			sourceTree = "<group>";
		};
/* End PBXGroup section */

/* Begin PBXNativeTarget section */
		F974EC581BD924760056FC1E /* Photorama */ = {
			isa = PBXNativeTarget;
			buildConfigurationList = F974EC6B1BD924760056FC1E /* Build configuration list for PBXNativeTarget "Photorama" */;
			buildPhases = (
				F974EC551BD924760056FC1E /* Sources */,
				F974EC561BD924760056FC1E /* Frameworks */,
				F974EC571BD924760056FC1E /* Resources */,
			);
			buildRules = (
			);
			dependencies = (
			);
			name = Photorama;
			productName = Photorama;
			productReference = F974EC591BD924760056FC1E /* Photorama.app */;
			productType = "com.apple.product-type.application";
		};
/* End PBXNativeTarget section */

/* Begin PBXProject section */
		F974EC511BD924760056FC1E /* Project object */ = {
			isa = PBXProject;
			attributes = {
				LastUpgradeCheck = 0700;
				ORGANIZATIONNAME = "Big Nerd Ranch";
				TargetAttributes = {
					F974EC581BD924760056FC1E = {
						CreatedOnToolsVersion = 7.0.1;
						DevelopmentTeam = T9V3N4TEAY;
					};
				};
			};
			buildConfigurationList = F974EC541BD924760056FC1E /* Build configuration list for PBXProject "Photorama" */;
			compatibilityVersion = "Xcode 3.2";
			developmentRegion = English;
			hasScannedForEncodings = 0;
			knownRegions = (
				en,
				Base,
			);
			mainGroup = F974EC501BD924760056FC1E;
			productRefGroup = F974EC5A1BD924760056FC1E /* Products */;
			projectDirPath = "";
			projectRoot = "";
			targets = (
				F974EC581BD924760056FC1E /* Photorama */,
			);
		};
/* End PBXProject section */

/* Begin PBXResourcesBuildPhase section */
		F974EC571BD924760056FC1E /* Resources */ = {
			isa = PBXResourcesBuildPhase;
			buildActionMask = 2147483647;
			files = (
				F974EC671BD924760056FC1E /* LaunchScreen.storyboard in Resources */,
				F974EC641BD924760056FC1E /* Assets.xcassets in Resources */,
				F974EC621BD924760056FC1E /* Main.storyboard in Resources */,
			);
			runOnlyForDeploymentPostprocessing = 0;
		};
/* End PBXResourcesBuildPhase section */

/* Begin PBXSourcesBuildPhase section */
		F974EC551BD924760056FC1E /* Sources */ = {
			isa = PBXSourcesBuildPhase;
			buildActionMask = 2147483647;
			files = (
				F974EC711BD926100056FC1E /* FlickrAPI.swift in Sources */,
				F974EC6F1BD924870056FC1E /* PhotosViewController.swift in Sources */,
				F974EC731BD929650056FC1E /* PhotoStore.swift in Sources */,
				F921A3691BD9583700902B0F /* PhotoDataSource.swift in Sources */,
				F921A36B1BD95D4300902B0F /* PhotoCollectionViewCell.swift in Sources */,
				F921A36D1BD9662400902B0F /* PhotoInfoViewController.swift in Sources */,
				F974EC5D1BD924760056FC1E /* AppDelegate.swift in Sources */,
				F974EC751BD92C8E0056FC1E /* Photo.swift in Sources */,
			);
			runOnlyForDeploymentPostprocessing = 0;
		};
/* End PBXSourcesBuildPhase section */

/* Begin PBXVariantGroup section */
		F974EC601BD924760056FC1E /* Main.storyboard */ = {
			isa = PBXVariantGroup;
			children = (
				F974EC611BD924760056FC1E /* Base */,
			);
			name = Main.storyboard;
			sourceTree = "<group>";
		};
		F974EC651BD924760056FC1E /* LaunchScreen.storyboard */ = {
			isa = PBXVariantGroup;
			children = (
				F974EC661BD924760056FC1E /* Base */,
			);
			name = LaunchScreen.storyboard;
			sourceTree = "<group>";
		};
/* End PBXVariantGroup section */

/* Begin XCBuildConfiguration section */
		F974EC691BD924760056FC1E /* Debug */ = {
			isa = XCBuildConfiguration;
			buildSettings = {
				ALWAYS_SEARCH_USER_PATHS = NO;
				CLANG_CXX_LANGUAGE_STANDARD = "gnu++0x";
				CLANG_CXX_LIBRARY = "libc++";
				CLANG_ENABLE_MODULES = YES;
				CLANG_ENABLE_OBJC_ARC = YES;
				CLANG_WARN_BOOL_CONVERSION = YES;
				CLANG_WARN_CONSTANT_CONVERSION = YES;
				CLANG_WARN_DIRECT_OBJC_ISA_USAGE = YES_ERROR;
				CLANG_WARN_EMPTY_BODY = YES;
				CLANG_WARN_ENUM_CONVERSION = YES;
				CLANG_WARN_INT_CONVERSION = YES;
				CLANG_WARN_OBJC_ROOT_CLASS = YES_ERROR;
				CLANG_WARN_UNREACHABLE_CODE = YES;
				CLANG_WARN__DUPLICATE_METHOD_MATCH = YES;
				"CODE_SIGN_IDENTITY[sdk=iphoneos*]" = "iPhone Developer";
				COPY_PHASE_STRIP = NO;
				DEBUG_INFORMATION_FORMAT = dwarf;
				ENABLE_STRICT_OBJC_MSGSEND = YES;
				ENABLE_TESTABILITY = YES;
				GCC_C_LANGUAGE_STANDARD = gnu99;
				GCC_DYNAMIC_NO_PIC = NO;
				GCC_NO_COMMON_BLOCKS = YES;
				GCC_OPTIMIZATION_LEVEL = 0;
				GCC_PREPROCESSOR_DEFINITIONS = (
					"DEBUG=1",
					"$(inherited)",
				);
				GCC_WARN_64_TO_32_BIT_CONVERSION = YES;
				GCC_WARN_ABOUT_RETURN_TYPE = YES_ERROR;
				GCC_WARN_UNDECLARED_SELECTOR = YES;
				GCC_WARN_UNINITIALIZED_AUTOS = YES_AGGRESSIVE;
				GCC_WARN_UNUSED_FUNCTION = YES;
				GCC_WARN_UNUSED_VARIABLE = YES;
				IPHONEOS_DEPLOYMENT_TARGET = 9.0;
				MTL_ENABLE_DEBUG_INFO = YES;
				ONLY_ACTIVE_ARCH = YES;
				SDKROOT = iphoneos;
				SWIFT_OPTIMIZATION_LEVEL = "-Onone";
				TARGETED_DEVICE_FAMILY = "1,2";
			};
			name = Debug;
		};
		F974EC6A1BD924760056FC1E /* Release */ = {
			isa = XCBuildConfiguration;
			buildSettings = {
				ALWAYS_SEARCH_USER_PATHS = NO;
				CLANG_CXX_LANGUAGE_STANDARD = "gnu++0x";
				CLANG_CXX_LIBRARY = "libc++";
				CLANG_ENABLE_MODULES = YES;
				CLANG_ENABLE_OBJC_ARC = YES;
				CLANG_WARN_BOOL_CONVERSION = YES;
				CLANG_WARN_CONSTANT_CONVERSION = YES;
				CLANG_WARN_DIRECT_OBJC_ISA_USAGE = YES_ERROR;
				CLANG_WARN_EMPTY_BODY = YES;
				CLANG_WARN_ENUM_CONVERSION = YES;
				CLANG_WARN_INT_CONVERSION = YES;
				CLANG_WARN_OBJC_ROOT_CLASS = YES_ERROR;
				CLANG_WARN_UNREACHABLE_CODE = YES;
				CLANG_WARN__DUPLICATE_METHOD_MATCH = YES;
				"CODE_SIGN_IDENTITY[sdk=iphoneos*]" = "iPhone Developer";
				COPY_PHASE_STRIP = NO;
				DEBUG_INFORMATION_FORMAT = "dwarf-with-dsym";
				ENABLE_NS_ASSERTIONS = NO;
				ENABLE_STRICT_OBJC_MSGSEND = YES;
				GCC_C_LANGUAGE_STANDARD = gnu99;
				GCC_NO_COMMON_BLOCKS = YES;
				GCC_WARN_64_TO_32_BIT_CONVERSION = YES;
				GCC_WARN_ABOUT_RETURN_TYPE = YES_ERROR;
				GCC_WARN_UNDECLARED_SELECTOR = YES;
				GCC_WARN_UNINITIALIZED_AUTOS = YES_AGGRESSIVE;
				GCC_WARN_UNUSED_FUNCTION = YES;
				GCC_WARN_UNUSED_VARIABLE = YES;
				IPHONEOS_DEPLOYMENT_TARGET = 9.0;
				MTL_ENABLE_DEBUG_INFO = NO;
				SDKROOT = iphoneos;
				TARGETED_DEVICE_FAMILY = "1,2";
				VALIDATE_PRODUCT = YES;
			};
			name = Release;
		};
		F974EC6C1BD924760056FC1E /* Debug */ = {
			isa = XCBuildConfiguration;
			buildSettings = {
				ASSETCATALOG_COMPILER_APPICON_NAME = AppIcon;
				INFOPLIST_FILE = Photorama/Info.plist;
				LD_RUNPATH_SEARCH_PATHS = "$(inherited) @executable_path/Frameworks";
				PRODUCT_BUNDLE_IDENTIFIER = com.bignerdranch.Photorama;
				PRODUCT_NAME = "$(TARGET_NAME)";
			};
			name = Debug;
		};
		F974EC6D1BD924760056FC1E /* Release */ = {
			isa = XCBuildConfiguration;
			buildSettings = {
				ASSETCATALOG_COMPILER_APPICON_NAME = AppIcon;
				INFOPLIST_FILE = Photorama/Info.plist;
				LD_RUNPATH_SEARCH_PATHS = "$(inherited) @executable_path/Frameworks";
				PRODUCT_BUNDLE_IDENTIFIER = com.bignerdranch.Photorama;
				PRODUCT_NAME = "$(TARGET_NAME)";
			};
			name = Release;
		};
/* End XCBuildConfiguration section */

/* Begin XCConfigurationList section */
		F974EC541BD924760056FC1E /* Build configuration list for PBXProject "Photorama" */ = {
			isa = XCConfigurationList;
			buildConfigurations = (
				F974EC691BD924760056FC1E /* Debug */,
				F974EC6A1BD924760056FC1E /* Release */,
			);
			defaultConfigurationIsVisible = 0;
			defaultConfigurationName = Release;
		};
		F974EC6B1BD924760056FC1E /* Build configuration list for PBXNativeTarget "Photorama" */ = {
			isa = XCConfigurationList;
			buildConfigurations = (
				F974EC6C1BD924760056FC1E /* Debug */,
				F974EC6D1BD924760056FC1E /* Release */,
			);
			defaultConfigurationIsVisible = 0;
			defaultConfigurationName = Release;
		};
/* End XCConfigurationList section */
	};
	rootObject = F974EC511BD924760056FC1E /* Project object */;
}
